
Microsoft Visual Studio Solution File, Format Version 12.00
# Visual Studio Version 16
VisualStudioVersion = 16.0.29709.97
MinimumVisualStudioVersion = 10.0.40219.1
Project("{FAE04EC0-301F-11D3-BF4B-00C04F79EFBC}") = "MatsuKKB", "MatsuKKB.csproj", "{581A6B56-E9C3-4B47-92D8-9B2D1D0A49DE}"
EndProject
Global
	GlobalSection(SolutionConfigurationPlatforms) = preSolution
		Debug|Any CPU = Debug|Any CPU
		Release|Any CPU = Release|Any CPU
	EndGlobalSection
	GlobalSection(ProjectConfigurationPlatforms) = postSolution
		{581A6B56-E9C3-4B47-92D8-9B2D1D0A49DE}.Debug|Any CPU.ActiveCfg = Debug|Any CPU
		{581A6B56-E9C3-4B47-92D8-9B2D1D0A49DE}.Debug|Any CPU.Build.0 = Debug|Any CPU
		{581A6B56-E9C3-4B47-92D8-9B2D1D0A49DE}.Release|Any CPU.ActiveCfg = Release|Any CPU
		{581A6B56-E9C3-4B47-92D8-9B2D1D0A49DE}.Release|Any CPU.Build.0 = Release|Any CPU
	EndGlobalSection
	GlobalSection(SolutionProperties) = preSolution
		HideSolutionNode = FALSE
	EndGlobalSection
	GlobalSection(ExtensibilityGlobals) = postSolution
		SolutionGuid = {1C1A070A-CB88-4CC6-B770-7592C6513024}
	EndGlobalSection
EndGlobal
